
Microsoft Visual Studio Solution File, Format Version 12.00
# Visual Studio Version 16
VisualStudioVersion = 16.0.32106.194
MinimumVisualStudioVersion = 10.0.40219.1
Project("{9A19103F-16F7-4668-BE54-9A1E7A4F7556}") = "Lesson_01", "Lesson_01\Lesson_01.csproj", "{F7209139-5410-46C0-AB57-E2DE779B8BF2}"
EndProject
Project("{2150E333-8FDC-42A3-9474-1A3956D46DE8}") = "Lesson 01", "Lesson 01", "{54E1D167-482B-455A-93C3-6AD329E7B836}"
EndProject
Project("{9A19103F-16F7-4668-BE54-9A1E7A4F7556}") = "Lesson_02_Task_01", "Lesson_02\Task_01\Lesson_02_Task_01\Lesson_02_Task_01.csproj", "{7CB9ECFA-D6C3-4A3A-A092-4A4AB0E4C04F}"
EndProject
Project("{2150E333-8FDC-42A3-9474-1A3956D46DE8}") = "Lesson_02", "Lesson_02", "{CDB696F7-253D-4A6E-AF52-B40362D5E90C}"
EndProject
Project("{2150E333-8FDC-42A3-9474-1A3956D46DE8}") = "Task_01", "Task_01", "{E07D1BFE-45C8-4EBD-8BA1-FDAAD07B52C7}"
EndProject
Project("{2150E333-8FDC-42A3-9474-1A3956D46DE8}") = "Task_02", "Task_02", "{73179E45-7750-4A9A-A77F-AA3D8E5BB0B1}"
EndProject
Project("{9A19103F-16F7-4668-BE54-9A1E7A4F7556}") = "Lesson_02_Task_02", "Lesson_02\Task_02\Lesson_02_Task_02\Lesson_02_Task_02.csproj", "{8E77A56C-8B75-4691-AB16-A854A641F0C6}"
EndProject
Project("{2150E333-8FDC-42A3-9474-1A3956D46DE8}") = "Lesson_04", "Lesson_04", "{A627C8B2-D4DF-463B-A0D5-C9D020F8050C}"
EndProject
Project("{2150E333-8FDC-42A3-9474-1A3956D46DE8}") = "Lesson_03", "Lesson_03", "{E0430D65-1F83-4710-A135-707D486971B3}"
EndProject
Project("{9A19103F-16F7-4668-BE54-9A1E7A4F7556}") = "Lesson_03", "Lesson_03\Lesson_03.csproj", "{FDDFF3E6-B911-4274-9995-484785B6C954}"
EndProject
Project("{2150E333-8FDC-42A3-9474-1A3956D46DE8}") = "Task_01", "Task_01", "{7C9205C5-E88A-4459-8740-D4D043B596A4}"
EndProject
Project("{9A19103F-16F7-4668-BE54-9A1E7A4F7556}") = "Lesson_04_Task_01", "Lesson_04\Lesson_04_Task_01\Lesson_04_Task_01.csproj", "{17917F0C-38B7-4600-A823-05361DC7B71E}"
EndProject
Project("{2150E333-8FDC-42A3-9474-1A3956D46DE8}") = "Task_02", "Task_02", "{3FBA1AB8-3263-476B-9679-30B8674260C3}"
EndProject
Project("{9A19103F-16F7-4668-BE54-9A1E7A4F7556}") = "Lesson_04_Task_02", "Lesson_04\Lesson_04_Task_02\Lesson_04_Task_02.csproj", "{319FB29A-C30A-44F2-92BE-E21A50AE6128}"
EndProject
Project("{2150E333-8FDC-42A3-9474-1A3956D46DE8}") = "Lesson_05", "Lesson_05", "{019CCCFB-8FBB-4682-96AB-A95E4E833D61}"
EndProject
Project("{9A19103F-16F7-4668-BE54-9A1E7A4F7556}") = "Lesson_05", "Lesson_05\Lesson_05.csproj", "{08B3CCC0-E78F-48C5-A567-28D2487CAB3B}"
	ProjectSection(ProjectDependencies) = postProject
		{319FB29A-C30A-44F2-92BE-E21A50AE6128} = {319FB29A-C30A-44F2-92BE-E21A50AE6128}
	EndProjectSection
EndProject
Project("{2150E333-8FDC-42A3-9474-1A3956D46DE8}") = "Solution Items", "Solution Items", "{6945D11E-67D0-4C16-9E83-B61B746316B9}"
	ProjectSection(SolutionItems) = preProject
		README.md = README.md
	EndProjectSection
EndProject
Project("{2150E333-8FDC-42A3-9474-1A3956D46DE8}") = "Lesson_06", "Lesson_06", "{FDD3D924-CA6D-4C2F-8BC5-280D5A122B8A}"
EndProject
Project("{9A19103F-16F7-4668-BE54-9A1E7A4F7556}") = "Lesson_06", "Lesson_06\Lesson_06.csproj", "{4785C42F-B81A-4264-8894-4CD0A4C8BF4F}"
EndProject
Project("{2150E333-8FDC-42A3-9474-1A3956D46DE8}") = "Lesson_07", "Lesson_07", "{CAB2A693-1EF2-4FFA-9A81-55BA589984B6}"
EndProject
Project("{FAE04EC0-301F-11D3-BF4B-00C04F79EFBC}") = "Lesson_07", "Lesson_07\Lesson_07.csproj", "{68AC2412-C764-41F0-8EBD-382998E4600C}"
EndProject
Global
	GlobalSection(SolutionConfigurationPlatforms) = preSolution
		Debug|Any CPU = Debug|Any CPU
		Release|Any CPU = Release|Any CPU
	EndGlobalSection
	GlobalSection(ProjectConfigurationPlatforms) = postSolution
		{F7209139-5410-46C0-AB57-E2DE779B8BF2}.Debug|Any CPU.ActiveCfg = Debug|Any CPU
		{F7209139-5410-46C0-AB57-E2DE779B8BF2}.Debug|Any CPU.Build.0 = Debug|Any CPU
		{F7209139-5410-46C0-AB57-E2DE779B8BF2}.Release|Any CPU.ActiveCfg = Release|Any CPU
		{F7209139-5410-46C0-AB57-E2DE779B8BF2}.Release|Any CPU.Build.0 = Release|Any CPU
		{7CB9ECFA-D6C3-4A3A-A092-4A4AB0E4C04F}.Debug|Any CPU.ActiveCfg = Debug|Any CPU
		{7CB9ECFA-D6C3-4A3A-A092-4A4AB0E4C04F}.Debug|Any CPU.Build.0 = Debug|Any CPU
		{7CB9ECFA-D6C3-4A3A-A092-4A4AB0E4C04F}.Release|Any CPU.ActiveCfg = Release|Any CPU
		{7CB9ECFA-D6C3-4A3A-A092-4A4AB0E4C04F}.Release|Any CPU.Build.0 = Release|Any CPU
		{8E77A56C-8B75-4691-AB16-A854A641F0C6}.Debug|Any CPU.ActiveCfg = Debug|Any CPU
		{8E77A56C-8B75-4691-AB16-A854A641F0C6}.Debug|Any CPU.Build.0 = Debug|Any CPU
		{8E77A56C-8B75-4691-AB16-A854A641F0C6}.Release|Any CPU.ActiveCfg = Release|Any CPU
		{8E77A56C-8B75-4691-AB16-A854A641F0C6}.Release|Any CPU.Build.0 = Release|Any CPU
		{FDDFF3E6-B911-4274-9995-484785B6C954}.Debug|Any CPU.ActiveCfg = Debug|Any CPU
		{FDDFF3E6-B911-4274-9995-484785B6C954}.Debug|Any CPU.Build.0 = Debug|Any CPU
		{FDDFF3E6-B911-4274-9995-484785B6C954}.Release|Any CPU.ActiveCfg = Release|Any CPU
		{FDDFF3E6-B911-4274-9995-484785B6C954}.Release|Any CPU.Build.0 = Release|Any CPU
		{17917F0C-38B7-4600-A823-05361DC7B71E}.Debug|Any CPU.ActiveCfg = Debug|Any CPU
		{17917F0C-38B7-4600-A823-05361DC7B71E}.Debug|Any CPU.Build.0 = Debug|Any CPU
		{17917F0C-38B7-4600-A823-05361DC7B71E}.Release|Any CPU.ActiveCfg = Release|Any CPU
		{17917F0C-38B7-4600-A823-05361DC7B71E}.Release|Any CPU.Build.0 = Release|Any CPU
		{319FB29A-C30A-44F2-92BE-E21A50AE6128}.Debug|Any CPU.ActiveCfg = Debug|Any CPU
		{319FB29A-C30A-44F2-92BE-E21A50AE6128}.Debug|Any CPU.Build.0 = Debug|Any CPU
		{319FB29A-C30A-44F2-92BE-E21A50AE6128}.Release|Any CPU.ActiveCfg = Release|Any CPU
		{319FB29A-C30A-44F2-92BE-E21A50AE6128}.Release|Any CPU.Build.0 = Release|Any CPU
		{08B3CCC0-E78F-48C5-A567-28D2487CAB3B}.Debug|Any CPU.ActiveCfg = Debug|Any CPU
		{08B3CCC0-E78F-48C5-A567-28D2487CAB3B}.Debug|Any CPU.Build.0 = Debug|Any CPU
		{08B3CCC0-E78F-48C5-A567-28D2487CAB3B}.Release|Any CPU.ActiveCfg = Release|Any CPU
		{08B3CCC0-E78F-48C5-A567-28D2487CAB3B}.Release|Any CPU.Build.0 = Release|Any CPU
		{4785C42F-B81A-4264-8894-4CD0A4C8BF4F}.Debug|Any CPU.ActiveCfg = Debug|Any CPU
		{4785C42F-B81A-4264-8894-4CD0A4C8BF4F}.Debug|Any CPU.Build.0 = Debug|Any CPU
		{4785C42F-B81A-4264-8894-4CD0A4C8BF4F}.Release|Any CPU.ActiveCfg = Release|Any CPU
		{4785C42F-B81A-4264-8894-4CD0A4C8BF4F}.Release|Any CPU.Build.0 = Release|Any CPU
		{68AC2412-C764-41F0-8EBD-382998E4600C}.Debug|Any CPU.ActiveCfg = Debug|Any CPU
		{68AC2412-C764-41F0-8EBD-382998E4600C}.Debug|Any CPU.Build.0 = Debug|Any CPU
		{68AC2412-C764-41F0-8EBD-382998E4600C}.Release|Any CPU.ActiveCfg = Release|Any CPU
		{68AC2412-C764-41F0-8EBD-382998E4600C}.Release|Any CPU.Build.0 = Release|Any CPU
	EndGlobalSection
	GlobalSection(SolutionProperties) = preSolution
		HideSolutionNode = FALSE
	EndGlobalSection
	GlobalSection(NestedProjects) = preSolution
		{F7209139-5410-46C0-AB57-E2DE779B8BF2} = {54E1D167-482B-455A-93C3-6AD329E7B836}
		{7CB9ECFA-D6C3-4A3A-A092-4A4AB0E4C04F} = {E07D1BFE-45C8-4EBD-8BA1-FDAAD07B52C7}
		{E07D1BFE-45C8-4EBD-8BA1-FDAAD07B52C7} = {CDB696F7-253D-4A6E-AF52-B40362D5E90C}
		{73179E45-7750-4A9A-A77F-AA3D8E5BB0B1} = {CDB696F7-253D-4A6E-AF52-B40362D5E90C}
		{8E77A56C-8B75-4691-AB16-A854A641F0C6} = {73179E45-7750-4A9A-A77F-AA3D8E5BB0B1}
		{FDDFF3E6-B911-4274-9995-484785B6C954} = {E0430D65-1F83-4710-A135-707D486971B3}
		{7C9205C5-E88A-4459-8740-D4D043B596A4} = {A627C8B2-D4DF-463B-A0D5-C9D020F8050C}
		{17917F0C-38B7-4600-A823-05361DC7B71E} = {7C9205C5-E88A-4459-8740-D4D043B596A4}
		{3FBA1AB8-3263-476B-9679-30B8674260C3} = {A627C8B2-D4DF-463B-A0D5-C9D020F8050C}
		{319FB29A-C30A-44F2-92BE-E21A50AE6128} = {3FBA1AB8-3263-476B-9679-30B8674260C3}
		{08B3CCC0-E78F-48C5-A567-28D2487CAB3B} = {019CCCFB-8FBB-4682-96AB-A95E4E833D61}
		{4785C42F-B81A-4264-8894-4CD0A4C8BF4F} = {FDD3D924-CA6D-4C2F-8BC5-280D5A122B8A}
		{68AC2412-C764-41F0-8EBD-382998E4600C} = {CAB2A693-1EF2-4FFA-9A81-55BA589984B6}
	EndGlobalSection
	GlobalSection(ExtensibilityGlobals) = postSolution
		SolutionGuid = {340D2228-6C65-4C7B-ABF9-3F506F8C67A8}
	EndGlobalSection
EndGlobal
